
Microsoft Visual Studio Solution File, Format Version 12.00
# Visual Studio 14
VisualStudioVersion = 14.0.23107.0
MinimumVisualStudioVersion = 10.0.40219.1
Project("{2150E333-8FDC-42A3-9474-1A3956D46DE8}") = "CtrlApp", "CtrlApp", "{DEC9F85A-C655-4EB3-9386-BDC026ED22DD}"
EndProject
Project("{2150E333-8FDC-42A3-9474-1A3956D46DE8}") = "WorkerApp", "WorkerApp", "{F4738A91-33A0-459C-9A87-9940C99C7F7E}"
EndProject
Project("{A07B5EB6-E848-4116-A8D0-A826331D98C6}") = "IoTGatewayCtrl", "IoTGatewayCtrl\IoTGatewayCtrl.sfproj", "{7F5C3622-DBE1-4BC8-BC2E-90B50565A9A2}"
EndProject
Project("{FAE04EC0-301F-11D3-BF4B-00C04F79EFBC}") = "CtrlSvc", "CtrlSvc\CtrlSvc.csproj", "{F1752997-7EA9-4990-90A3-94A201666CCD}"
EndProject
Project("{A07B5EB6-E848-4116-A8D0-A826331D98C6}") = "IoTGatewayWorker", "IoTGatewayWorker\IoTGatewayWorker.sfproj", "{8BAA8589-152B-498E-9DD1-2F129AE9F45E}"
EndProject
Project("{FAE04EC0-301F-11D3-BF4B-00C04F79EFBC}") = "WorkerSvc", "WorkerSvc\WorkerSvc.csproj", "{3C88DEF2-3749-4974-89B5-4316FC69464F}"
EndProject
Project("{FAE04EC0-301F-11D3-BF4B-00C04F79EFBC}") = "IoTGateway.Common", "IotGateway.Common\IoTGateway.Common.csproj", "{F975D7FE-CC35-4AE2-B194-8BA52C934107}"
EndProject
Project("{FAE04EC0-301F-11D3-BF4B-00C04F79EFBC}") = "IoTGateway.Tests", "IoTGateway.Tests\IoTGateway.Tests.csproj", "{C936CDEE-4E98-4EFC-A450-BD77106A9BEB}"
EndProject
Project("{2150E333-8FDC-42A3-9474-1A3956D46DE8}") = "Tests", "Tests", "{9422957E-FDC5-40D7-8EAA-E455777BC4CF}"
EndProject
Project("{FAE04EC0-301F-11D3-BF4B-00C04F79EFBC}") = "IoTGateway.Clients", "IoTGateway.Clients\IoTGateway.Clients.csproj", "{7AB0BB07-2DC8-4CA3-89D8-B10993A6D582}"
EndProject
Project("{FAE04EC0-301F-11D3-BF4B-00C04F79EFBC}") = "IoTGateway.TestLib", "IoTGateway.TestLib\IoTGateway.TestLib.csproj", "{20B453E3-7B99-4E0F-B3EE-7066B61424FD}"
EndProject
Project("{FAE04EC0-301F-11D3-BF4B-00C04F79EFBC}") = "IoTGateway.TestHarness", "IoTGateway.TestHarness\IoTGateway.TestHarness.csproj", "{285873F1-12E7-4338-8494-D174FDE7D953}"
EndProject
Global
	GlobalSection(SolutionConfigurationPlatforms) = preSolution
		Debug|Any CPU = Debug|Any CPU
		Debug|x64 = Debug|x64
		Release|Any CPU = Release|Any CPU
		Release|x64 = Release|x64
	EndGlobalSection
	GlobalSection(ProjectConfigurationPlatforms) = postSolution
		{7F5C3622-DBE1-4BC8-BC2E-90B50565A9A2}.Debug|Any CPU.ActiveCfg = Debug|x64
		{7F5C3622-DBE1-4BC8-BC2E-90B50565A9A2}.Debug|x64.ActiveCfg = Debug|x64
		{7F5C3622-DBE1-4BC8-BC2E-90B50565A9A2}.Debug|x64.Build.0 = Debug|x64
		{7F5C3622-DBE1-4BC8-BC2E-90B50565A9A2}.Debug|x64.Deploy.0 = Debug|x64
		{7F5C3622-DBE1-4BC8-BC2E-90B50565A9A2}.Release|Any CPU.ActiveCfg = Release|x64
		{7F5C3622-DBE1-4BC8-BC2E-90B50565A9A2}.Release|x64.ActiveCfg = Release|x64
		{7F5C3622-DBE1-4BC8-BC2E-90B50565A9A2}.Release|x64.Build.0 = Release|x64
		{7F5C3622-DBE1-4BC8-BC2E-90B50565A9A2}.Release|x64.Deploy.0 = Release|x64
		{F1752997-7EA9-4990-90A3-94A201666CCD}.Debug|Any CPU.ActiveCfg = Debug|x64
		{F1752997-7EA9-4990-90A3-94A201666CCD}.Debug|x64.ActiveCfg = Debug|x64
		{F1752997-7EA9-4990-90A3-94A201666CCD}.Debug|x64.Build.0 = Debug|x64
		{F1752997-7EA9-4990-90A3-94A201666CCD}.Release|Any CPU.ActiveCfg = Release|x64
		{F1752997-7EA9-4990-90A3-94A201666CCD}.Release|x64.ActiveCfg = Release|x64
		{F1752997-7EA9-4990-90A3-94A201666CCD}.Release|x64.Build.0 = Release|x64
		{8BAA8589-152B-498E-9DD1-2F129AE9F45E}.Debug|Any CPU.ActiveCfg = Debug|x64
		{8BAA8589-152B-498E-9DD1-2F129AE9F45E}.Debug|x64.ActiveCfg = Debug|x64
		{8BAA8589-152B-498E-9DD1-2F129AE9F45E}.Debug|x64.Build.0 = Debug|x64
		{8BAA8589-152B-498E-9DD1-2F129AE9F45E}.Debug|x64.Deploy.0 = Debug|x64
		{8BAA8589-152B-498E-9DD1-2F129AE9F45E}.Release|Any CPU.ActiveCfg = Release|x64
		{8BAA8589-152B-498E-9DD1-2F129AE9F45E}.Release|x64.ActiveCfg = Release|x64
		{8BAA8589-152B-498E-9DD1-2F129AE9F45E}.Release|x64.Build.0 = Release|x64
		{8BAA8589-152B-498E-9DD1-2F129AE9F45E}.Release|x64.Deploy.0 = Release|x64
		{3C88DEF2-3749-4974-89B5-4316FC69464F}.Debug|Any CPU.ActiveCfg = Debug|x64
		{3C88DEF2-3749-4974-89B5-4316FC69464F}.Debug|x64.ActiveCfg = Debug|x64
		{3C88DEF2-3749-4974-89B5-4316FC69464F}.Debug|x64.Build.0 = Debug|x64
		{3C88DEF2-3749-4974-89B5-4316FC69464F}.Release|Any CPU.ActiveCfg = Release|x64
		{3C88DEF2-3749-4974-89B5-4316FC69464F}.Release|x64.ActiveCfg = Release|x64
		{3C88DEF2-3749-4974-89B5-4316FC69464F}.Release|x64.Build.0 = Release|x64
		{F975D7FE-CC35-4AE2-B194-8BA52C934107}.Debug|Any CPU.ActiveCfg = Debug|Any CPU
		{F975D7FE-CC35-4AE2-B194-8BA52C934107}.Debug|Any CPU.Build.0 = Debug|Any CPU
		{F975D7FE-CC35-4AE2-B194-8BA52C934107}.Debug|x64.ActiveCfg = Debug|Any CPU
		{F975D7FE-CC35-4AE2-B194-8BA52C934107}.Debug|x64.Build.0 = Debug|Any CPU
		{F975D7FE-CC35-4AE2-B194-8BA52C934107}.Release|Any CPU.ActiveCfg = Release|Any CPU
		{F975D7FE-CC35-4AE2-B194-8BA52C934107}.Release|Any CPU.Build.0 = Release|Any CPU
		{F975D7FE-CC35-4AE2-B194-8BA52C934107}.Release|x64.ActiveCfg = Release|Any CPU
		{F975D7FE-CC35-4AE2-B194-8BA52C934107}.Release|x64.Build.0 = Release|Any CPU
		{C936CDEE-4E98-4EFC-A450-BD77106A9BEB}.Debug|Any CPU.ActiveCfg = Debug|Any CPU
		{C936CDEE-4E98-4EFC-A450-BD77106A9BEB}.Debug|Any CPU.Build.0 = Debug|Any CPU
		{C936CDEE-4E98-4EFC-A450-BD77106A9BEB}.Debug|x64.ActiveCfg = Debug|Any CPU
		{C936CDEE-4E98-4EFC-A450-BD77106A9BEB}.Debug|x64.Build.0 = Debug|Any CPU
		{C936CDEE-4E98-4EFC-A450-BD77106A9BEB}.Release|Any CPU.ActiveCfg = Release|Any CPU
		{C936CDEE-4E98-4EFC-A450-BD77106A9BEB}.Release|Any CPU.Build.0 = Release|Any CPU
		{C936CDEE-4E98-4EFC-A450-BD77106A9BEB}.Release|x64.ActiveCfg = Release|Any CPU
		{C936CDEE-4E98-4EFC-A450-BD77106A9BEB}.Release|x64.Build.0 = Release|Any CPU
		{7AB0BB07-2DC8-4CA3-89D8-B10993A6D582}.Debug|Any CPU.ActiveCfg = Debug|Any CPU
		{7AB0BB07-2DC8-4CA3-89D8-B10993A6D582}.Debug|Any CPU.Build.0 = Debug|Any CPU
		{7AB0BB07-2DC8-4CA3-89D8-B10993A6D582}.Debug|x64.ActiveCfg = Debug|Any CPU
		{7AB0BB07-2DC8-4CA3-89D8-B10993A6D582}.Debug|x64.Build.0 = Debug|Any CPU
		{7AB0BB07-2DC8-4CA3-89D8-B10993A6D582}.Release|Any CPU.ActiveCfg = Release|Any CPU
		{7AB0BB07-2DC8-4CA3-89D8-B10993A6D582}.Release|Any CPU.Build.0 = Release|Any CPU
		{7AB0BB07-2DC8-4CA3-89D8-B10993A6D582}.Release|x64.ActiveCfg = Release|Any CPU
		{7AB0BB07-2DC8-4CA3-89D8-B10993A6D582}.Release|x64.Build.0 = Release|Any CPU
		{20B453E3-7B99-4E0F-B3EE-7066B61424FD}.Debug|Any CPU.ActiveCfg = Debug|Any CPU
		{20B453E3-7B99-4E0F-B3EE-7066B61424FD}.Debug|Any CPU.Build.0 = Debug|Any CPU
		{20B453E3-7B99-4E0F-B3EE-7066B61424FD}.Debug|x64.ActiveCfg = Debug|Any CPU
		{20B453E3-7B99-4E0F-B3EE-7066B61424FD}.Debug|x64.Build.0 = Debug|Any CPU
		{20B453E3-7B99-4E0F-B3EE-7066B61424FD}.Release|Any CPU.ActiveCfg = Release|Any CPU
		{20B453E3-7B99-4E0F-B3EE-7066B61424FD}.Release|Any CPU.Build.0 = Release|Any CPU
		{20B453E3-7B99-4E0F-B3EE-7066B61424FD}.Release|x64.ActiveCfg = Release|Any CPU
		{20B453E3-7B99-4E0F-B3EE-7066B61424FD}.Release|x64.Build.0 = Release|Any CPU
		{285873F1-12E7-4338-8494-D174FDE7D953}.Debug|Any CPU.ActiveCfg = Debug|Any CPU
		{285873F1-12E7-4338-8494-D174FDE7D953}.Debug|Any CPU.Build.0 = Debug|Any CPU
		{285873F1-12E7-4338-8494-D174FDE7D953}.Debug|x64.ActiveCfg = Debug|Any CPU
		{285873F1-12E7-4338-8494-D174FDE7D953}.Debug|x64.Build.0 = Debug|Any CPU
		{285873F1-12E7-4338-8494-D174FDE7D953}.Release|Any CPU.ActiveCfg = Release|Any CPU
		{285873F1-12E7-4338-8494-D174FDE7D953}.Release|Any CPU.Build.0 = Release|Any CPU
		{285873F1-12E7-4338-8494-D174FDE7D953}.Release|x64.ActiveCfg = Release|Any CPU
		{285873F1-12E7-4338-8494-D174FDE7D953}.Release|x64.Build.0 = Release|Any CPU
	EndGlobalSection
	GlobalSection(SolutionProperties) = preSolution
		HideSolutionNode = FALSE
	EndGlobalSection
	GlobalSection(NestedProjects) = preSolution
		{7F5C3622-DBE1-4BC8-BC2E-90B50565A9A2} = {DEC9F85A-C655-4EB3-9386-BDC026ED22DD}
		{F1752997-7EA9-4990-90A3-94A201666CCD} = {DEC9F85A-C655-4EB3-9386-BDC026ED22DD}
		{8BAA8589-152B-498E-9DD1-2F129AE9F45E} = {F4738A91-33A0-459C-9A87-9940C99C7F7E}
		{3C88DEF2-3749-4974-89B5-4316FC69464F} = {F4738A91-33A0-459C-9A87-9940C99C7F7E}
		{C936CDEE-4E98-4EFC-A450-BD77106A9BEB} = {9422957E-FDC5-40D7-8EAA-E455777BC4CF}
		{20B453E3-7B99-4E0F-B3EE-7066B61424FD} = {9422957E-FDC5-40D7-8EAA-E455777BC4CF}
		{285873F1-12E7-4338-8494-D174FDE7D953} = {9422957E-FDC5-40D7-8EAA-E455777BC4CF}
	EndGlobalSection
EndGlobal
