
Microsoft Visual Studio Solution File, Format Version 12.00
# Visual Studio 14
VisualStudioVersion = 14.0.23107.0
MinimumVisualStudioVersion = 10.0.40219.1
Project("{A07B5EB6-E848-4116-A8D0-A826331D98C6}") = "IoTApplication", "IoTApplication\IoTApplication.sfproj", "{219BCC4C-D1B3-4A8D-BB7C-CCDB2A20300F}"
EndProject
Project("{FAE04EC0-301F-11D3-BF4B-00C04F79EFBC}") = "FloorActor", "FloorActor\FloorActor.csproj", "{D9D4F613-8501-4A14-A99F-D8F0A3283001}"
EndProject
Project("{FAE04EC0-301F-11D3-BF4B-00C04F79EFBC}") = "FloorActor.Interfaces", "FloorActor.Interfaces\FloorActor.Interfaces.csproj", "{9732990F-B2ED-4CD2-8794-B6CEF2B31546}"
EndProject
Project("{FAE04EC0-301F-11D3-BF4B-00C04F79EFBC}") = "DataArchiveActor", "DataArchiveActor\DataArchiveActor.csproj", "{438EA3A9-A793-4697-B51B-51FD9B99C75F}"
EndProject
Project("{FAE04EC0-301F-11D3-BF4B-00C04F79EFBC}") = "DataArchiveActor.Interfaces", "DataArchiveActor.Interfaces\DataArchiveActor.Interfaces.csproj", "{DA87617E-B91A-4E69-99B0-B0DADD78E140}"
EndProject
Project("{FAE04EC0-301F-11D3-BF4B-00C04F79EFBC}") = "PowerBIActor", "PowerBIActor\PowerBIActor.csproj", "{FDA68B81-9821-423F-9DB1-0EB6AF582763}"
EndProject
Project("{FAE04EC0-301F-11D3-BF4B-00C04F79EFBC}") = "PowerBIActor.Interfaces", "PowerBIActor.Interfaces\PowerBIActor.Interfaces.csproj", "{B73C3407-F264-4BEC-97F1-BAC3282FC00E}"
EndProject
Project("{2150E333-8FDC-42A3-9474-1A3956D46DE8}") = "PowerBI", "PowerBI", "{692B34DE-3F85-48A2-AE70-A9419BA618E3}"
EndProject
Project("{2150E333-8FDC-42A3-9474-1A3956D46DE8}") = "Data", "Data", "{3659370E-5232-4CEE-980A-7E218337EAE8}"
EndProject
Project("{2150E333-8FDC-42A3-9474-1A3956D46DE8}") = "Floor", "Floor", "{A4C4E5D3-0D37-427B-882E-073C5FA11836}"
EndProject
Project("{2150E333-8FDC-42A3-9474-1A3956D46DE8}") = "Actors", "Actors", "{7243344A-2F76-4450-87AF-BAE5D974B55B}"
EndProject
Project("{FAE04EC0-301F-11D3-BF4B-00C04F79EFBC}") = "PowerBIActorTestHarness", "PowerBIActorTestHarness\PowerBIActorTestHarness.csproj", "{90838B74-C203-478D-B225-BC8089B44902}"
EndProject
Project("{FAE04EC0-301F-11D3-BF4B-00C04F79EFBC}") = "SensorActor.Common", "SensorActor.Common\SensorActor.Common.csproj", "{8734FB98-C6B6-4533-82AD-7D4711B042BD}"
EndProject
Project("{FAE04EC0-301F-11D3-BF4B-00C04F79EFBC}") = "SensorActor.Interfaces", "SensorActor.Interfaces\SensorActor.Interfaces.csproj", "{EA2B31B4-561C-4FC9-BE45-C2081BCFA552}"
EndProject
Project("{FAE04EC0-301F-11D3-BF4B-00C04F79EFBC}") = "SensorActor", "SensorActor\SensorActor.csproj", "{2112E342-04CF-4BA1-8932-5B2E90F69155}"
EndProject
Project("{2150E333-8FDC-42A3-9474-1A3956D46DE8}") = "Tests", "Tests", "{2050FED9-512F-4DD6-BE89-64271AF377A1}"
EndProject
Project("{FAE04EC0-301F-11D3-BF4B-00C04F79EFBC}") = "Sensors.TestClient", "Tests\Sensors.TestClient\Sensors.TestClient.csproj", "{9346B162-2A1E-4CAE-9987-BE4F772E8349}"
EndProject
Project("{2150E333-8FDC-42A3-9474-1A3956D46DE8}") = "Device", "Device", "{6948FB04-7818-4663-8B53-D3641814C897}"
EndProject
Global
	GlobalSection(SolutionConfigurationPlatforms) = preSolution
		Debug|Any CPU = Debug|Any CPU
		Debug|x64 = Debug|x64
		Release|Any CPU = Release|Any CPU
		Release|x64 = Release|x64
	EndGlobalSection
	GlobalSection(ProjectConfigurationPlatforms) = postSolution
		{219BCC4C-D1B3-4A8D-BB7C-CCDB2A20300F}.Debug|Any CPU.ActiveCfg = Debug|x64
		{219BCC4C-D1B3-4A8D-BB7C-CCDB2A20300F}.Debug|x64.ActiveCfg = Debug|x64
		{219BCC4C-D1B3-4A8D-BB7C-CCDB2A20300F}.Debug|x64.Build.0 = Debug|x64
		{219BCC4C-D1B3-4A8D-BB7C-CCDB2A20300F}.Debug|x64.Deploy.0 = Debug|x64
		{219BCC4C-D1B3-4A8D-BB7C-CCDB2A20300F}.Release|Any CPU.ActiveCfg = Release|x64
		{219BCC4C-D1B3-4A8D-BB7C-CCDB2A20300F}.Release|x64.ActiveCfg = Release|x64
		{219BCC4C-D1B3-4A8D-BB7C-CCDB2A20300F}.Release|x64.Build.0 = Release|x64
		{219BCC4C-D1B3-4A8D-BB7C-CCDB2A20300F}.Release|x64.Deploy.0 = Release|x64
		{D9D4F613-8501-4A14-A99F-D8F0A3283001}.Debug|Any CPU.ActiveCfg = Debug|x64
		{D9D4F613-8501-4A14-A99F-D8F0A3283001}.Debug|x64.ActiveCfg = Debug|x64
		{D9D4F613-8501-4A14-A99F-D8F0A3283001}.Debug|x64.Build.0 = Debug|x64
		{D9D4F613-8501-4A14-A99F-D8F0A3283001}.Release|Any CPU.ActiveCfg = Release|x64
		{D9D4F613-8501-4A14-A99F-D8F0A3283001}.Release|x64.ActiveCfg = Release|x64
		{D9D4F613-8501-4A14-A99F-D8F0A3283001}.Release|x64.Build.0 = Release|x64
		{9732990F-B2ED-4CD2-8794-B6CEF2B31546}.Debug|Any CPU.ActiveCfg = Debug|x64
		{9732990F-B2ED-4CD2-8794-B6CEF2B31546}.Debug|x64.ActiveCfg = Debug|x64
		{9732990F-B2ED-4CD2-8794-B6CEF2B31546}.Debug|x64.Build.0 = Debug|x64
		{9732990F-B2ED-4CD2-8794-B6CEF2B31546}.Release|Any CPU.ActiveCfg = Release|x64
		{9732990F-B2ED-4CD2-8794-B6CEF2B31546}.Release|x64.ActiveCfg = Release|x64
		{9732990F-B2ED-4CD2-8794-B6CEF2B31546}.Release|x64.Build.0 = Release|x64
		{438EA3A9-A793-4697-B51B-51FD9B99C75F}.Debug|Any CPU.ActiveCfg = Debug|x64
		{438EA3A9-A793-4697-B51B-51FD9B99C75F}.Debug|x64.ActiveCfg = Debug|x64
		{438EA3A9-A793-4697-B51B-51FD9B99C75F}.Debug|x64.Build.0 = Debug|x64
		{438EA3A9-A793-4697-B51B-51FD9B99C75F}.Release|Any CPU.ActiveCfg = Release|x64
		{438EA3A9-A793-4697-B51B-51FD9B99C75F}.Release|x64.ActiveCfg = Release|x64
		{438EA3A9-A793-4697-B51B-51FD9B99C75F}.Release|x64.Build.0 = Release|x64
		{DA87617E-B91A-4E69-99B0-B0DADD78E140}.Debug|Any CPU.ActiveCfg = Debug|x64
		{DA87617E-B91A-4E69-99B0-B0DADD78E140}.Debug|x64.ActiveCfg = Debug|x64
		{DA87617E-B91A-4E69-99B0-B0DADD78E140}.Debug|x64.Build.0 = Debug|x64
		{DA87617E-B91A-4E69-99B0-B0DADD78E140}.Release|Any CPU.ActiveCfg = Release|x64
		{DA87617E-B91A-4E69-99B0-B0DADD78E140}.Release|x64.ActiveCfg = Release|x64
		{DA87617E-B91A-4E69-99B0-B0DADD78E140}.Release|x64.Build.0 = Release|x64
		{FDA68B81-9821-423F-9DB1-0EB6AF582763}.Debug|Any CPU.ActiveCfg = Debug|x64
		{FDA68B81-9821-423F-9DB1-0EB6AF582763}.Debug|x64.ActiveCfg = Debug|x64
		{FDA68B81-9821-423F-9DB1-0EB6AF582763}.Debug|x64.Build.0 = Debug|x64
		{FDA68B81-9821-423F-9DB1-0EB6AF582763}.Release|Any CPU.ActiveCfg = Release|x64
		{FDA68B81-9821-423F-9DB1-0EB6AF582763}.Release|x64.ActiveCfg = Release|x64
		{FDA68B81-9821-423F-9DB1-0EB6AF582763}.Release|x64.Build.0 = Release|x64
		{B73C3407-F264-4BEC-97F1-BAC3282FC00E}.Debug|Any CPU.ActiveCfg = Debug|x64
		{B73C3407-F264-4BEC-97F1-BAC3282FC00E}.Debug|x64.ActiveCfg = Debug|x64
		{B73C3407-F264-4BEC-97F1-BAC3282FC00E}.Debug|x64.Build.0 = Debug|x64
		{B73C3407-F264-4BEC-97F1-BAC3282FC00E}.Release|Any CPU.ActiveCfg = Release|x64
		{B73C3407-F264-4BEC-97F1-BAC3282FC00E}.Release|x64.ActiveCfg = Release|x64
		{B73C3407-F264-4BEC-97F1-BAC3282FC00E}.Release|x64.Build.0 = Release|x64
		{90838B74-C203-478D-B225-BC8089B44902}.Debug|Any CPU.ActiveCfg = Debug|Any CPU
		{90838B74-C203-478D-B225-BC8089B44902}.Debug|Any CPU.Build.0 = Debug|Any CPU
		{90838B74-C203-478D-B225-BC8089B44902}.Debug|x64.ActiveCfg = Debug|Any CPU
		{90838B74-C203-478D-B225-BC8089B44902}.Debug|x64.Build.0 = Debug|Any CPU
		{90838B74-C203-478D-B225-BC8089B44902}.Release|Any CPU.ActiveCfg = Release|Any CPU
		{90838B74-C203-478D-B225-BC8089B44902}.Release|Any CPU.Build.0 = Release|Any CPU
		{90838B74-C203-478D-B225-BC8089B44902}.Release|x64.ActiveCfg = Release|Any CPU
		{90838B74-C203-478D-B225-BC8089B44902}.Release|x64.Build.0 = Release|Any CPU
		{8734FB98-C6B6-4533-82AD-7D4711B042BD}.Debug|Any CPU.ActiveCfg = Debug|Any CPU
		{8734FB98-C6B6-4533-82AD-7D4711B042BD}.Debug|Any CPU.Build.0 = Debug|Any CPU
		{8734FB98-C6B6-4533-82AD-7D4711B042BD}.Debug|x64.ActiveCfg = Debug|Any CPU
		{8734FB98-C6B6-4533-82AD-7D4711B042BD}.Debug|x64.Build.0 = Debug|Any CPU
		{8734FB98-C6B6-4533-82AD-7D4711B042BD}.Release|Any CPU.ActiveCfg = Release|Any CPU
		{8734FB98-C6B6-4533-82AD-7D4711B042BD}.Release|Any CPU.Build.0 = Release|Any CPU
		{8734FB98-C6B6-4533-82AD-7D4711B042BD}.Release|x64.ActiveCfg = Release|Any CPU
		{8734FB98-C6B6-4533-82AD-7D4711B042BD}.Release|x64.Build.0 = Release|Any CPU
		{EA2B31B4-561C-4FC9-BE45-C2081BCFA552}.Debug|Any CPU.ActiveCfg = Debug|x64
		{EA2B31B4-561C-4FC9-BE45-C2081BCFA552}.Debug|x64.ActiveCfg = Debug|x64
		{EA2B31B4-561C-4FC9-BE45-C2081BCFA552}.Debug|x64.Build.0 = Debug|x64
		{EA2B31B4-561C-4FC9-BE45-C2081BCFA552}.Release|Any CPU.ActiveCfg = Release|x64
		{EA2B31B4-561C-4FC9-BE45-C2081BCFA552}.Release|x64.ActiveCfg = Release|x64
		{EA2B31B4-561C-4FC9-BE45-C2081BCFA552}.Release|x64.Build.0 = Release|x64
		{2112E342-04CF-4BA1-8932-5B2E90F69155}.Debug|Any CPU.ActiveCfg = Debug|x64
		{2112E342-04CF-4BA1-8932-5B2E90F69155}.Debug|x64.ActiveCfg = Debug|x64
		{2112E342-04CF-4BA1-8932-5B2E90F69155}.Debug|x64.Build.0 = Debug|x64
		{2112E342-04CF-4BA1-8932-5B2E90F69155}.Release|Any CPU.ActiveCfg = Release|x64
		{2112E342-04CF-4BA1-8932-5B2E90F69155}.Release|x64.ActiveCfg = Release|x64
		{2112E342-04CF-4BA1-8932-5B2E90F69155}.Release|x64.Build.0 = Release|x64
		{9346B162-2A1E-4CAE-9987-BE4F772E8349}.Debug|Any CPU.ActiveCfg = Debug|x64
		{9346B162-2A1E-4CAE-9987-BE4F772E8349}.Debug|x64.ActiveCfg = Debug|x64
		{9346B162-2A1E-4CAE-9987-BE4F772E8349}.Debug|x64.Build.0 = Debug|x64
		{9346B162-2A1E-4CAE-9987-BE4F772E8349}.Release|Any CPU.ActiveCfg = Release|x64
		{9346B162-2A1E-4CAE-9987-BE4F772E8349}.Release|x64.ActiveCfg = Release|x64
		{9346B162-2A1E-4CAE-9987-BE4F772E8349}.Release|x64.Build.0 = Release|x64
	EndGlobalSection
	GlobalSection(SolutionProperties) = preSolution
		HideSolutionNode = FALSE
	EndGlobalSection
	GlobalSection(NestedProjects) = preSolution
		{219BCC4C-D1B3-4A8D-BB7C-CCDB2A20300F} = {7243344A-2F76-4450-87AF-BAE5D974B55B}
		{D9D4F613-8501-4A14-A99F-D8F0A3283001} = {A4C4E5D3-0D37-427B-882E-073C5FA11836}
		{9732990F-B2ED-4CD2-8794-B6CEF2B31546} = {A4C4E5D3-0D37-427B-882E-073C5FA11836}
		{438EA3A9-A793-4697-B51B-51FD9B99C75F} = {3659370E-5232-4CEE-980A-7E218337EAE8}
		{DA87617E-B91A-4E69-99B0-B0DADD78E140} = {3659370E-5232-4CEE-980A-7E218337EAE8}
		{FDA68B81-9821-423F-9DB1-0EB6AF582763} = {692B34DE-3F85-48A2-AE70-A9419BA618E3}
		{B73C3407-F264-4BEC-97F1-BAC3282FC00E} = {692B34DE-3F85-48A2-AE70-A9419BA618E3}
		{692B34DE-3F85-48A2-AE70-A9419BA618E3} = {7243344A-2F76-4450-87AF-BAE5D974B55B}
		{3659370E-5232-4CEE-980A-7E218337EAE8} = {7243344A-2F76-4450-87AF-BAE5D974B55B}
		{A4C4E5D3-0D37-427B-882E-073C5FA11836} = {7243344A-2F76-4450-87AF-BAE5D974B55B}
		{90838B74-C203-478D-B225-BC8089B44902} = {692B34DE-3F85-48A2-AE70-A9419BA618E3}
		{8734FB98-C6B6-4533-82AD-7D4711B042BD} = {6948FB04-7818-4663-8B53-D3641814C897}
		{EA2B31B4-561C-4FC9-BE45-C2081BCFA552} = {6948FB04-7818-4663-8B53-D3641814C897}
		{2112E342-04CF-4BA1-8932-5B2E90F69155} = {6948FB04-7818-4663-8B53-D3641814C897}
		{2050FED9-512F-4DD6-BE89-64271AF377A1} = {7243344A-2F76-4450-87AF-BAE5D974B55B}
		{9346B162-2A1E-4CAE-9987-BE4F772E8349} = {2050FED9-512F-4DD6-BE89-64271AF377A1}
		{6948FB04-7818-4663-8B53-D3641814C897} = {7243344A-2F76-4450-87AF-BAE5D974B55B}
	EndGlobalSection
EndGlobal
